
Microsoft Visual Studio Solution File, Format Version 12.00
# Visual Studio Version 17
VisualStudioVersion = 17.11.35219.272
MinimumVisualStudioVersion = 10.0.40219.1
Project("{9A19103F-16F7-4668-BE54-9A1E7A4F7556}") = "ProductsWebAPI", "ProductsWebAPI\ProductsWebAPI.csproj", "{F3516E02-CF78-4949-B346-B6B09267E850}"
EndProject
Project("{9A19103F-16F7-4668-BE54-9A1E7A4F7556}") = "ProductsServices", "ProductsServices\ProductsServices.csproj", "{CA8B16F2-F081-4C85-B8B4-C9AE2F00AD01}"
EndProject
Project("{9A19103F-16F7-4668-BE54-9A1E7A4F7556}") = "ProductsRepository", "ProductsRepository\ProductsRepository.csproj", "{6748242D-5B9A-4486-A331-43D439236685}"
EndProject
Project("{9A19103F-16F7-4668-BE54-9A1E7A4F7556}") = "ProductsTest", "ProductsTest\ProductsTest.csproj", "{DD3E4E21-7BD1-40A7-B95C-27F93B1FB007}"
EndProject
Project("{FAE04EC0-301F-11D3-BF4B-00C04F79EFBC}") = "ProductsDTOs", "ProductsDTOs\ProductsDTOs.csproj", "{5C8FB8A4-57EF-4860-9A16-1BF54C4AF5D5}"
EndProject
Global
	GlobalSection(SolutionConfigurationPlatforms) = preSolution
		Debug|Any CPU = Debug|Any CPU
		Release|Any CPU = Release|Any CPU
	EndGlobalSection
	GlobalSection(ProjectConfigurationPlatforms) = postSolution
		{F3516E02-CF78-4949-B346-B6B09267E850}.Debug|Any CPU.ActiveCfg = Debug|Any CPU
		{F3516E02-CF78-4949-B346-B6B09267E850}.Debug|Any CPU.Build.0 = Debug|Any CPU
		{F3516E02-CF78-4949-B346-B6B09267E850}.Release|Any CPU.ActiveCfg = Release|Any CPU
		{F3516E02-CF78-4949-B346-B6B09267E850}.Release|Any CPU.Build.0 = Release|Any CPU
		{CA8B16F2-F081-4C85-B8B4-C9AE2F00AD01}.Debug|Any CPU.ActiveCfg = Debug|Any CPU
		{CA8B16F2-F081-4C85-B8B4-C9AE2F00AD01}.Debug|Any CPU.Build.0 = Debug|Any CPU
		{CA8B16F2-F081-4C85-B8B4-C9AE2F00AD01}.Release|Any CPU.ActiveCfg = Release|Any CPU
		{CA8B16F2-F081-4C85-B8B4-C9AE2F00AD01}.Release|Any CPU.Build.0 = Release|Any CPU
		{6748242D-5B9A-4486-A331-43D439236685}.Debug|Any CPU.ActiveCfg = Debug|Any CPU
		{6748242D-5B9A-4486-A331-43D439236685}.Debug|Any CPU.Build.0 = Debug|Any CPU
		{6748242D-5B9A-4486-A331-43D439236685}.Release|Any CPU.ActiveCfg = Release|Any CPU
		{6748242D-5B9A-4486-A331-43D439236685}.Release|Any CPU.Build.0 = Release|Any CPU
		{DD3E4E21-7BD1-40A7-B95C-27F93B1FB007}.Debug|Any CPU.ActiveCfg = Debug|Any CPU
		{DD3E4E21-7BD1-40A7-B95C-27F93B1FB007}.Debug|Any CPU.Build.0 = Debug|Any CPU
		{DD3E4E21-7BD1-40A7-B95C-27F93B1FB007}.Release|Any CPU.ActiveCfg = Release|Any CPU
		{DD3E4E21-7BD1-40A7-B95C-27F93B1FB007}.Release|Any CPU.Build.0 = Release|Any CPU
		{5C8FB8A4-57EF-4860-9A16-1BF54C4AF5D5}.Debug|Any CPU.ActiveCfg = Debug|Any CPU
		{5C8FB8A4-57EF-4860-9A16-1BF54C4AF5D5}.Debug|Any CPU.Build.0 = Debug|Any CPU
		{5C8FB8A4-57EF-4860-9A16-1BF54C4AF5D5}.Release|Any CPU.ActiveCfg = Release|Any CPU
		{5C8FB8A4-57EF-4860-9A16-1BF54C4AF5D5}.Release|Any CPU.Build.0 = Release|Any CPU
	EndGlobalSection
	GlobalSection(SolutionProperties) = preSolution
		HideSolutionNode = FALSE
	EndGlobalSection
	GlobalSection(ExtensibilityGlobals) = postSolution
		SolutionGuid = {80810A6A-6C84-4F57-B4AA-7D297C59BB98}
	EndGlobalSection
EndGlobal
